
Microsoft Visual Studio Solution File, Format Version 12.00
# Visual Studio Version 16
VisualStudioVersion = 16.0.31727.386
MinimumVisualStudioVersion = 10.0.40219.1
Project("{FAE04EC0-301F-11D3-BF4B-00C04F79EFBC}") = "CCK_App.Android", "CCK_App\CCK_App.Android\CCK_App.Android.csproj", "{4EEE8E86-8EC5-4EC9-BF06-5BDCC9353E3E}"
EndProject
Project("{FAE04EC0-301F-11D3-BF4B-00C04F79EFBC}") = "CCK_App.iOS", "CCK_App\CCK_App.iOS\CCK_App.iOS.csproj", "{FD5CF314-B234-4D2C-95B7-4E2B9146469A}"
EndProject
Project("{FAE04EC0-301F-11D3-BF4B-00C04F79EFBC}") = "CCK_App", "CCK_App\CCK_App\CCK_App.csproj", "{21829D3C-0328-4780-84C0-13CABAAAA082}"
EndProject
Global
	GlobalSection(SolutionConfigurationPlatforms) = preSolution
		Debug|Any CPU = Debug|Any CPU
		Debug|iPhone = Debug|iPhone
		Debug|iPhoneSimulator = Debug|iPhoneSimulator
		Release|Any CPU = Release|Any CPU
		Release|iPhone = Release|iPhone
		Release|iPhoneSimulator = Release|iPhoneSimulator
	EndGlobalSection
	GlobalSection(ProjectConfigurationPlatforms) = postSolution
		{4EEE8E86-8EC5-4EC9-BF06-5BDCC9353E3E}.Debug|Any CPU.ActiveCfg = Debug|Any CPU
		{4EEE8E86-8EC5-4EC9-BF06-5BDCC9353E3E}.Debug|Any CPU.Build.0 = Debug|Any CPU
		{4EEE8E86-8EC5-4EC9-BF06-5BDCC9353E3E}.Debug|Any CPU.Deploy.0 = Debug|Any CPU
		{4EEE8E86-8EC5-4EC9-BF06-5BDCC9353E3E}.Debug|iPhone.ActiveCfg = Debug|Any CPU
		{4EEE8E86-8EC5-4EC9-BF06-5BDCC9353E3E}.Debug|iPhone.Build.0 = Debug|Any CPU
		{4EEE8E86-8EC5-4EC9-BF06-5BDCC9353E3E}.Debug|iPhone.Deploy.0 = Debug|Any CPU
		{4EEE8E86-8EC5-4EC9-BF06-5BDCC9353E3E}.Debug|iPhoneSimulator.ActiveCfg = Debug|Any CPU
		{4EEE8E86-8EC5-4EC9-BF06-5BDCC9353E3E}.Debug|iPhoneSimulator.Build.0 = Debug|Any CPU
		{4EEE8E86-8EC5-4EC9-BF06-5BDCC9353E3E}.Debug|iPhoneSimulator.Deploy.0 = Debug|Any CPU
		{4EEE8E86-8EC5-4EC9-BF06-5BDCC9353E3E}.Release|Any CPU.ActiveCfg = Release|Any CPU
		{4EEE8E86-8EC5-4EC9-BF06-5BDCC9353E3E}.Release|Any CPU.Build.0 = Release|Any CPU
		{4EEE8E86-8EC5-4EC9-BF06-5BDCC9353E3E}.Release|Any CPU.Deploy.0 = Release|Any CPU
		{4EEE8E86-8EC5-4EC9-BF06-5BDCC9353E3E}.Release|iPhone.ActiveCfg = Release|Any CPU
		{4EEE8E86-8EC5-4EC9-BF06-5BDCC9353E3E}.Release|iPhone.Build.0 = Release|Any CPU
		{4EEE8E86-8EC5-4EC9-BF06-5BDCC9353E3E}.Release|iPhone.Deploy.0 = Release|Any CPU
		{4EEE8E86-8EC5-4EC9-BF06-5BDCC9353E3E}.Release|iPhoneSimulator.ActiveCfg = Release|Any CPU
		{4EEE8E86-8EC5-4EC9-BF06-5BDCC9353E3E}.Release|iPhoneSimulator.Build.0 = Release|Any CPU
		{4EEE8E86-8EC5-4EC9-BF06-5BDCC9353E3E}.Release|iPhoneSimulator.Deploy.0 = Release|Any CPU
		{FD5CF314-B234-4D2C-95B7-4E2B9146469A}.Debug|Any CPU.ActiveCfg = Debug|iPhone
		{FD5CF314-B234-4D2C-95B7-4E2B9146469A}.Debug|Any CPU.Build.0 = Debug|iPhone
		{FD5CF314-B234-4D2C-95B7-4E2B9146469A}.Debug|Any CPU.Deploy.0 = Debug|iPhone
		{FD5CF314-B234-4D2C-95B7-4E2B9146469A}.Debug|iPhone.ActiveCfg = Debug|iPhone
		{FD5CF314-B234-4D2C-95B7-4E2B9146469A}.Debug|iPhone.Build.0 = Debug|iPhone
		{FD5CF314-B234-4D2C-95B7-4E2B9146469A}.Debug|iPhone.Deploy.0 = Debug|iPhone
		{FD5CF314-B234-4D2C-95B7-4E2B9146469A}.Debug|iPhoneSimulator.ActiveCfg = Debug|iPhoneSimulator
		{FD5CF314-B234-4D2C-95B7-4E2B9146469A}.Debug|iPhoneSimulator.Build.0 = Debug|iPhoneSimulator
		{FD5CF314-B234-4D2C-95B7-4E2B9146469A}.Debug|iPhoneSimulator.Deploy.0 = Debug|iPhoneSimulator
		{FD5CF314-B234-4D2C-95B7-4E2B9146469A}.Release|Any CPU.ActiveCfg = Release|iPhoneSimulator
		{FD5CF314-B234-4D2C-95B7-4E2B9146469A}.Release|Any CPU.Build.0 = Release|iPhoneSimulator
		{FD5CF314-B234-4D2C-95B7-4E2B9146469A}.Release|Any CPU.Deploy.0 = Release|iPhoneSimulator
		{FD5CF314-B234-4D2C-95B7-4E2B9146469A}.Release|iPhone.ActiveCfg = Release|iPhone
		{FD5CF314-B234-4D2C-95B7-4E2B9146469A}.Release|iPhone.Build.0 = Release|iPhone
		{FD5CF314-B234-4D2C-95B7-4E2B9146469A}.Release|iPhone.Deploy.0 = Release|iPhone
		{FD5CF314-B234-4D2C-95B7-4E2B9146469A}.Release|iPhoneSimulator.ActiveCfg = Release|iPhoneSimulator
		{FD5CF314-B234-4D2C-95B7-4E2B9146469A}.Release|iPhoneSimulator.Build.0 = Release|iPhoneSimulator
		{FD5CF314-B234-4D2C-95B7-4E2B9146469A}.Release|iPhoneSimulator.Deploy.0 = Release|iPhoneSimulator
		{21829D3C-0328-4780-84C0-13CABAAAA082}.Debug|Any CPU.ActiveCfg = Debug|Any CPU
		{21829D3C-0328-4780-84C0-13CABAAAA082}.Debug|Any CPU.Build.0 = Debug|Any CPU
		{21829D3C-0328-4780-84C0-13CABAAAA082}.Debug|Any CPU.Deploy.0 = Debug|Any CPU
		{21829D3C-0328-4780-84C0-13CABAAAA082}.Debug|iPhone.ActiveCfg = Debug|Any CPU
		{21829D3C-0328-4780-84C0-13CABAAAA082}.Debug|iPhone.Build.0 = Debug|Any CPU
		{21829D3C-0328-4780-84C0-13CABAAAA082}.Debug|iPhone.Deploy.0 = Debug|Any CPU
		{21829D3C-0328-4780-84C0-13CABAAAA082}.Debug|iPhoneSimulator.ActiveCfg = Debug|Any CPU
		{21829D3C-0328-4780-84C0-13CABAAAA082}.Debug|iPhoneSimulator.Build.0 = Debug|Any CPU
		{21829D3C-0328-4780-84C0-13CABAAAA082}.Debug|iPhoneSimulator.Deploy.0 = Debug|Any CPU
		{21829D3C-0328-4780-84C0-13CABAAAA082}.Release|Any CPU.ActiveCfg = Release|Any CPU
		{21829D3C-0328-4780-84C0-13CABAAAA082}.Release|Any CPU.Build.0 = Release|Any CPU
		{21829D3C-0328-4780-84C0-13CABAAAA082}.Release|Any CPU.Deploy.0 = Release|Any CPU
		{21829D3C-0328-4780-84C0-13CABAAAA082}.Release|iPhone.ActiveCfg = Release|Any CPU
		{21829D3C-0328-4780-84C0-13CABAAAA082}.Release|iPhone.Build.0 = Release|Any CPU
		{21829D3C-0328-4780-84C0-13CABAAAA082}.Release|iPhone.Deploy.0 = Release|Any CPU
		{21829D3C-0328-4780-84C0-13CABAAAA082}.Release|iPhoneSimulator.ActiveCfg = Release|Any CPU
		{21829D3C-0328-4780-84C0-13CABAAAA082}.Release|iPhoneSimulator.Build.0 = Release|Any CPU
		{21829D3C-0328-4780-84C0-13CABAAAA082}.Release|iPhoneSimulator.Deploy.0 = Release|Any CPU
	EndGlobalSection
	GlobalSection(SolutionProperties) = preSolution
		HideSolutionNode = FALSE
	EndGlobalSection
	GlobalSection(ExtensibilityGlobals) = postSolution
		SolutionGuid = {1E94DC2C-BE1A-4E5C-A21A-536653DDEA06}
	EndGlobalSection
EndGlobal
